
Microsoft Visual Studio Solution File, Format Version 12.00
# Visual Studio Version 16
VisualStudioVersion = 16.0.35706.149
MinimumVisualStudioVersion = 10.0.40219.1
Project("{FAE04EC0-301F-11D3-BF4B-00C04F79EFBC}") = "TaskManager", "TaskManager\TaskManager.csproj", "{3F2E227A-4634-435D-B507-39DB1F3D44E5}"
EndProject
Project("{FAE04EC0-301F-11D3-BF4B-00C04F79EFBC}") = "TaskManager.Core", "TaskManager.Core\TaskManager.Core.csproj", "{742859A9-AD8F-42F1-B2B4-4C6E7E3B3E1C}"
EndProject
Project("{FAE04EC0-301F-11D3-BF4B-00C04F79EFBC}") = "TaskManager.Infrastructure", "TaskManager.Infrastructure\TaskManager.Infrastructure.csproj", "{F33370C6-3032-4806-9C51-4EE55914A640}"
EndProject
Project("{FAE04EC0-301F-11D3-BF4B-00C04F79EFBC}") = "TaskManager.CLI", "TaskManager.CLI\TaskManager.CLI.csproj", "{AFF920FC-D5C7-40AD-BEF4-170ADD2CAA9E}"
EndProject
Project("{FAE04EC0-301F-11D3-BF4B-00C04F79EFBC}") = "TaskManager.Tests", "TaskManager.Tests\TaskManager.Tests.csproj", "{0083455F-49EF-40AB-80D2-A5C6E59022C3}"
EndProject
Global
	GlobalSection(SolutionConfigurationPlatforms) = preSolution
		Debug|Any CPU = Debug|Any CPU
		Release|Any CPU = Release|Any CPU
	EndGlobalSection
	GlobalSection(ProjectConfigurationPlatforms) = postSolution
		{3F2E227A-4634-435D-B507-39DB1F3D44E5}.Debug|Any CPU.ActiveCfg = Debug|Any CPU
		{3F2E227A-4634-435D-B507-39DB1F3D44E5}.Debug|Any CPU.Build.0 = Debug|Any CPU
		{3F2E227A-4634-435D-B507-39DB1F3D44E5}.Release|Any CPU.ActiveCfg = Release|Any CPU
		{3F2E227A-4634-435D-B507-39DB1F3D44E5}.Release|Any CPU.Build.0 = Release|Any CPU
		{742859A9-AD8F-42F1-B2B4-4C6E7E3B3E1C}.Debug|Any CPU.ActiveCfg = Debug|Any CPU
		{742859A9-AD8F-42F1-B2B4-4C6E7E3B3E1C}.Debug|Any CPU.Build.0 = Debug|Any CPU
		{742859A9-AD8F-42F1-B2B4-4C6E7E3B3E1C}.Release|Any CPU.ActiveCfg = Release|Any CPU
		{742859A9-AD8F-42F1-B2B4-4C6E7E3B3E1C}.Release|Any CPU.Build.0 = Release|Any CPU
		{F33370C6-3032-4806-9C51-4EE55914A640}.Debug|Any CPU.ActiveCfg = Debug|Any CPU
		{F33370C6-3032-4806-9C51-4EE55914A640}.Debug|Any CPU.Build.0 = Debug|Any CPU
		{F33370C6-3032-4806-9C51-4EE55914A640}.Release|Any CPU.ActiveCfg = Release|Any CPU
		{F33370C6-3032-4806-9C51-4EE55914A640}.Release|Any CPU.Build.0 = Release|Any CPU
		{AFF920FC-D5C7-40AD-BEF4-170ADD2CAA9E}.Debug|Any CPU.ActiveCfg = Debug|Any CPU
		{AFF920FC-D5C7-40AD-BEF4-170ADD2CAA9E}.Debug|Any CPU.Build.0 = Debug|Any CPU
		{AFF920FC-D5C7-40AD-BEF4-170ADD2CAA9E}.Release|Any CPU.ActiveCfg = Release|Any CPU
		{AFF920FC-D5C7-40AD-BEF4-170ADD2CAA9E}.Release|Any CPU.Build.0 = Release|Any CPU
		{0083455F-49EF-40AB-80D2-A5C6E59022C3}.Debug|Any CPU.ActiveCfg = Debug|Any CPU
		{0083455F-49EF-40AB-80D2-A5C6E59022C3}.Debug|Any CPU.Build.0 = Debug|Any CPU
		{0083455F-49EF-40AB-80D2-A5C6E59022C3}.Release|Any CPU.ActiveCfg = Release|Any CPU
		{0083455F-49EF-40AB-80D2-A5C6E59022C3}.Release|Any CPU.Build.0 = Release|Any CPU
	EndGlobalSection
	GlobalSection(SolutionProperties) = preSolution
		HideSolutionNode = FALSE
	EndGlobalSection
	GlobalSection(ExtensibilityGlobals) = postSolution
		SolutionGuid = {3D36431D-E7D6-41BC-B113-EA64490AA78B}
	EndGlobalSection
EndGlobal
